
Microsoft Visual Studio Solution File, Format Version 12.00
# Visual Studio Version 17
VisualStudioVersion = 17.5.002.0
MinimumVisualStudioVersion = 10.0.40219.1
Project("{9A19103F-16F7-4668-BE54-9A1E7A4F7556}") = "Dialogue", "Dialogue.csproj", "{F45406DB-462F-45E3-A643-A8C803DB4C58}"
EndProject
Global
	GlobalSection(SolutionConfigurationPlatforms) = preSolution
		Debug|Any CPU = Debug|Any CPU
		Release|Any CPU = Release|Any CPU
	EndGlobalSection
	GlobalSection(ProjectConfigurationPlatforms) = postSolution
		{F45406DB-462F-45E3-A643-A8C803DB4C58}.Debug|Any CPU.ActiveCfg = Debug|Any CPU
		{F45406DB-462F-45E3-A643-A8C803DB4C58}.Debug|Any CPU.Build.0 = Debug|Any CPU
		{F45406DB-462F-45E3-A643-A8C803DB4C58}.Release|Any CPU.ActiveCfg = Release|Any CPU
		{F45406DB-462F-45E3-A643-A8C803DB4C58}.Release|Any CPU.Build.0 = Release|Any CPU
	EndGlobalSection
	GlobalSection(SolutionProperties) = preSolution
		HideSolutionNode = FALSE
	EndGlobalSection
	GlobalSection(ExtensibilityGlobals) = postSolution
		SolutionGuid = {EA6126D0-F2CC-44CB-9165-9AA90058F7A6}
	EndGlobalSection
EndGlobal
