
Microsoft Visual Studio Solution File, Format Version 12.00
# Visual Studio Version 17
VisualStudioVersion = 17.9.34714.143
MinimumVisualStudioVersion = 10.0.40219.1
Project("{FAE04EC0-301F-11D3-BF4B-00C04F79EFBC}") = "EncyclopediaApp", "EncyclopediaApp.csproj", "{422519FB-DC06-49A2-B090-D6DAD2194BAD}"
EndProject
Global
	GlobalSection(SolutionConfigurationPlatforms) = preSolution
		Debug|Any CPU = Debug|Any CPU
		Release|Any CPU = Release|Any CPU
	EndGlobalSection
	GlobalSection(ProjectConfigurationPlatforms) = postSolution
		{422519FB-DC06-49A2-B090-D6DAD2194BAD}.Debug|Any CPU.ActiveCfg = Debug|Any CPU
		{422519FB-DC06-49A2-B090-D6DAD2194BAD}.Debug|Any CPU.Build.0 = Debug|Any CPU
		{422519FB-DC06-49A2-B090-D6DAD2194BAD}.Release|Any CPU.ActiveCfg = Release|Any CPU
		{422519FB-DC06-49A2-B090-D6DAD2194BAD}.Release|Any CPU.Build.0 = Release|Any CPU
	EndGlobalSection
	GlobalSection(SolutionProperties) = preSolution
		HideSolutionNode = FALSE
	EndGlobalSection
	GlobalSection(ExtensibilityGlobals) = postSolution
		SolutionGuid = {3273125D-3261-400B-969F-5A29B4362D77}
	EndGlobalSection
EndGlobal
